
Microsoft Visual Studio Solution File, Format Version 12.00
# Visual Studio Version 17
VisualStudioVersion = 17.14.36915.13 d17.14
MinimumVisualStudioVersion = 10.0.40219.1
Project("{FAE04EC0-301F-11D3-BF4B-00C04F79EFBC}") = "CyberSecurityChatbotGUI", "CyberSecurityChatbotGUI.csproj", "{7E064057-6417-48EB-9DCA-31CC2ACA05E4}"
EndProject
Global
	GlobalSection(SolutionConfigurationPlatforms) = preSolution
		Debug|Any CPU = Debug|Any CPU
		Release|Any CPU = Release|Any CPU
	EndGlobalSection
	GlobalSection(ProjectConfigurationPlatforms) = postSolution
		{7E064057-6417-48EB-9DCA-31CC2ACA05E4}.Debug|Any CPU.ActiveCfg = Debug|Any CPU
		{7E064057-6417-48EB-9DCA-31CC2ACA05E4}.Debug|Any CPU.Build.0 = Debug|Any CPU
		{7E064057-6417-48EB-9DCA-31CC2ACA05E4}.Release|Any CPU.ActiveCfg = Release|Any CPU
		{7E064057-6417-48EB-9DCA-31CC2ACA05E4}.Release|Any CPU.Build.0 = Release|Any CPU
	EndGlobalSection
	GlobalSection(SolutionProperties) = preSolution
		HideSolutionNode = FALSE
	EndGlobalSection
	GlobalSection(ExtensibilityGlobals) = postSolution
		SolutionGuid = {ECE9E6AE-15DD-4871-AF39-3AB0A4C51AF6}
	EndGlobalSection
EndGlobal
